
Microsoft Visual Studio Solution File, Format Version 12.00
# Visual Studio Version 17
VisualStudioVersion = 17.9.34728.123
MinimumVisualStudioVersion = 10.0.40219.1
Project("{8BC9CEB8-8B4A-11D0-8D11-00A0C91BC942}") = "11m19d class", "11m19d class.vcxproj", "{32470179-162F-4377-BD77-FB795EAC533B}"
EndProject
Global
	GlobalSection(SolutionConfigurationPlatforms) = preSolution
		Debug|x64 = Debug|x64
		Debug|x86 = Debug|x86
		Release|x64 = Release|x64
		Release|x86 = Release|x86
	EndGlobalSection
	GlobalSection(ProjectConfigurationPlatforms) = postSolution
		{32470179-162F-4377-BD77-FB795EAC533B}.Debug|x64.ActiveCfg = Debug|x64
		{32470179-162F-4377-BD77-FB795EAC533B}.Debug|x64.Build.0 = Debug|x64
		{32470179-162F-4377-BD77-FB795EAC533B}.Debug|x86.ActiveCfg = Debug|Win32
		{32470179-162F-4377-BD77-FB795EAC533B}.Debug|x86.Build.0 = Debug|Win32
		{32470179-162F-4377-BD77-FB795EAC533B}.Release|x64.ActiveCfg = Release|x64
		{32470179-162F-4377-BD77-FB795EAC533B}.Release|x64.Build.0 = Release|x64
		{32470179-162F-4377-BD77-FB795EAC533B}.Release|x86.ActiveCfg = Release|Win32
		{32470179-162F-4377-BD77-FB795EAC533B}.Release|x86.Build.0 = Release|Win32
	EndGlobalSection
	GlobalSection(SolutionProperties) = preSolution
		HideSolutionNode = FALSE
	EndGlobalSection
	GlobalSection(ExtensibilityGlobals) = postSolution
		SolutionGuid = {1FFF4B17-C383-4573-878A-01BC245D2652}
	EndGlobalSection
EndGlobal
