
Microsoft Visual Studio Solution File, Format Version 12.00
# Visual Studio Version 17
VisualStudioVersion = 17.9.34728.123
MinimumVisualStudioVersion = 10.0.40219.1
Project("{8BC9CEB8-8B4A-11D0-8D11-00A0C91BC942}") = "0519 c++", "0519 c++.vcxproj", "{C02165FE-C5A4-4A7C-BBD1-6341B3F4ED21}"
EndProject
Global
	GlobalSection(SolutionConfigurationPlatforms) = preSolution
		Debug|x64 = Debug|x64
		Debug|x86 = Debug|x86
		Release|x64 = Release|x64
		Release|x86 = Release|x86
	EndGlobalSection
	GlobalSection(ProjectConfigurationPlatforms) = postSolution
		{C02165FE-C5A4-4A7C-BBD1-6341B3F4ED21}.Debug|x64.ActiveCfg = Debug|x64
		{C02165FE-C5A4-4A7C-BBD1-6341B3F4ED21}.Debug|x64.Build.0 = Debug|x64
		{C02165FE-C5A4-4A7C-BBD1-6341B3F4ED21}.Debug|x86.ActiveCfg = Debug|Win32
		{C02165FE-C5A4-4A7C-BBD1-6341B3F4ED21}.Debug|x86.Build.0 = Debug|Win32
		{C02165FE-C5A4-4A7C-BBD1-6341B3F4ED21}.Release|x64.ActiveCfg = Release|x64
		{C02165FE-C5A4-4A7C-BBD1-6341B3F4ED21}.Release|x64.Build.0 = Release|x64
		{C02165FE-C5A4-4A7C-BBD1-6341B3F4ED21}.Release|x86.ActiveCfg = Release|Win32
		{C02165FE-C5A4-4A7C-BBD1-6341B3F4ED21}.Release|x86.Build.0 = Release|Win32
	EndGlobalSection
	GlobalSection(SolutionProperties) = preSolution
		HideSolutionNode = FALSE
	EndGlobalSection
	GlobalSection(ExtensibilityGlobals) = postSolution
		SolutionGuid = {FD96B06B-8264-475C-8C3C-8DBD5909830A}
	EndGlobalSection
EndGlobal
