
Microsoft Visual Studio Solution File, Format Version 12.00
# Visual Studio Version 17
VisualStudioVersion = 17.9.34728.123
MinimumVisualStudioVersion = 10.0.40219.1
Project("{8BC9CEB8-8B4A-11D0-8D11-00A0C91BC942}") = "0430c++", "0430c++.vcxproj", "{27C163DA-B788-4AF1-8662-0841823823DA}"
EndProject
Global
	GlobalSection(SolutionConfigurationPlatforms) = preSolution
		Debug|x64 = Debug|x64
		Debug|x86 = Debug|x86
		Release|x64 = Release|x64
		Release|x86 = Release|x86
	EndGlobalSection
	GlobalSection(ProjectConfigurationPlatforms) = postSolution
		{27C163DA-B788-4AF1-8662-0841823823DA}.Debug|x64.ActiveCfg = Debug|x64
		{27C163DA-B788-4AF1-8662-0841823823DA}.Debug|x64.Build.0 = Debug|x64
		{27C163DA-B788-4AF1-8662-0841823823DA}.Debug|x86.ActiveCfg = Debug|Win32
		{27C163DA-B788-4AF1-8662-0841823823DA}.Debug|x86.Build.0 = Debug|Win32
		{27C163DA-B788-4AF1-8662-0841823823DA}.Release|x64.ActiveCfg = Release|x64
		{27C163DA-B788-4AF1-8662-0841823823DA}.Release|x64.Build.0 = Release|x64
		{27C163DA-B788-4AF1-8662-0841823823DA}.Release|x86.ActiveCfg = Release|Win32
		{27C163DA-B788-4AF1-8662-0841823823DA}.Release|x86.Build.0 = Release|Win32
	EndGlobalSection
	GlobalSection(SolutionProperties) = preSolution
		HideSolutionNode = FALSE
	EndGlobalSection
	GlobalSection(ExtensibilityGlobals) = postSolution
		SolutionGuid = {8B20F74B-CA8E-4C76-9568-27C05C1171E7}
	EndGlobalSection
EndGlobal
